Microsoft Visual Studio Solution File, Format Version 8.00
Project("{F184B08F-C81C-45F6-A57F-5ABD9991F28F}") = "WindowsApplication2", "..\WindowsApplication2\WindowsApplication2.vbproj", "{4AE4CB0F-C89D-4AF6-A609-C5113E8F05CF}"
	ProjectSection(ProjectDependencies) = postProject
	EndProjectSection
EndProject
Global
	GlobalSection(SolutionConfiguration) = preSolution
		Debug = Debug
		Release = Release
	EndGlobalSection
	GlobalSection(ProjectConfiguration) = postSolution
		{4AE4CB0F-C89D-4AF6-A609-C5113E8F05CF}.Debug.ActiveCfg = Debug|.NET
		{4AE4CB0F-C89D-4AF6-A609-C5113E8F05CF}.Debug.Build.0 = Debug|.NET
		{4AE4CB0F-C89D-4AF6-A609-C5113E8F05CF}.Release.ActiveCfg = Release|.NET
		{4AE4CB0F-C89D-4AF6-A609-C5113E8F05CF}.Release.Build.0 = Release|.NET
	EndGlobalSection
	GlobalSection(ExtensibilityGlobals) = postSolution
	EndGlobalSection
	GlobalSection(ExtensibilityAddIns) = postSolution
	EndGlobalSection
EndGlobal
