Microsoft Visual Studio Solution File, Format Version 8.00
Project("{F184B08F-C81C-45F6-A57F-5ABD9991F28F}") = "MyC", "MyC.vbproj", "{F90A4982-CD3D-414F-9C78-5EB131957F92}"
	ProjectSection(ProjectDependencies) = postProject
	EndProjectSection
EndProject
Global
	GlobalSection(SolutionConfiguration) = preSolution
		Debug = Debug
		Release = Release
	EndGlobalSection
	GlobalSection(ProjectConfiguration) = postSolution
		{F90A4982-CD3D-414F-9C78-5EB131957F92}.Debug.ActiveCfg = Debug|.NET
		{F90A4982-CD3D-414F-9C78-5EB131957F92}.Debug.Build.0 = Debug|.NET
		{F90A4982-CD3D-414F-9C78-5EB131957F92}.Release.ActiveCfg = Release|.NET
		{F90A4982-CD3D-414F-9C78-5EB131957F92}.Release.Build.0 = Release|.NET
	EndGlobalSection
	GlobalSection(ExtensibilityGlobals) = postSolution
	EndGlobalSection
	GlobalSection(ExtensibilityAddIns) = postSolution
	EndGlobalSection
EndGlobal
